
Microsoft Visual Studio Solution File, Format Version 12.00
# Visual Studio Version 17
VisualStudioVersion = 17.7.34202.233
MinimumVisualStudioVersion = 10.0.40219.1
Project("{9A19103F-16F7-4668-BE54-9A1E7A4F7556}") = "Missiles 'n Mines Escape", "FinalProject_KihoonKim_StefanKobetich\Missiles 'n Mines Escape.csproj", "{A768E98E-2E57-4338-9ADA-9928C564BE15}"
EndProject
Global
	GlobalSection(SolutionConfigurationPlatforms) = preSolution
		Debug|Any CPU = Debug|Any CPU
		Release|Any CPU = Release|Any CPU
	EndGlobalSection
	GlobalSection(ProjectConfigurationPlatforms) = postSolution
		{A768E98E-2E57-4338-9ADA-9928C564BE15}.Debug|Any CPU.ActiveCfg = Debug|Any CPU
		{A768E98E-2E57-4338-9ADA-9928C564BE15}.Debug|Any CPU.Build.0 = Debug|Any CPU
		{A768E98E-2E57-4338-9ADA-9928C564BE15}.Release|Any CPU.ActiveCfg = Release|Any CPU
		{A768E98E-2E57-4338-9ADA-9928C564BE15}.Release|Any CPU.Build.0 = Release|Any CPU
	EndGlobalSection
	GlobalSection(SolutionProperties) = preSolution
		HideSolutionNode = FALSE
	EndGlobalSection
	GlobalSection(ExtensibilityGlobals) = postSolution
		SolutionGuid = {A77909D6-3052-42A0-8F4C-D272DC8A2D46}
	EndGlobalSection
EndGlobal
